
Microsoft Visual Studio Solution File, Format Version 12.00
# Visual Studio Version 17
VisualStudioVersion = 17.9.34616.47
MinimumVisualStudioVersion = 10.0.40219.1
Project("{FAE04EC0-301F-11D3-BF4B-00C04F79EFBC}") = "CookiesCookbook", "CookiesCookbook\CookiesCookbook.csproj", "{9C026B4A-BE66-42B9-A0B5-614277F54996}"
EndProject
Global
	GlobalSection(SolutionConfigurationPlatforms) = preSolution
		Debug|Any CPU = Debug|Any CPU
		Release|Any CPU = Release|Any CPU
	EndGlobalSection
	GlobalSection(ProjectConfigurationPlatforms) = postSolution
		{9C026B4A-BE66-42B9-A0B5-614277F54996}.Debug|Any CPU.ActiveCfg = Debug|Any CPU
		{9C026B4A-BE66-42B9-A0B5-614277F54996}.Debug|Any CPU.Build.0 = Debug|Any CPU
		{9C026B4A-BE66-42B9-A0B5-614277F54996}.Release|Any CPU.ActiveCfg = Release|Any CPU
		{9C026B4A-BE66-42B9-A0B5-614277F54996}.Release|Any CPU.Build.0 = Release|Any CPU
	EndGlobalSection
	GlobalSection(SolutionProperties) = preSolution
		HideSolutionNode = FALSE
	EndGlobalSection
	GlobalSection(ExtensibilityGlobals) = postSolution
		SolutionGuid = {10E43183-EF9A-429A-AB3A-09A9007D91C4}
	EndGlobalSection
EndGlobal
